
Microsoft Visual Studio Solution File, Format Version 12.00
# Visual Studio Version 17
VisualStudioVersion = 17.0.32014.148
MinimumVisualStudioVersion = 10.0.40219.1
Project("{9A19103F-16F7-4668-BE54-9A1E7A4F7556}") = "ASPNETCoreWebApp", "ASPNETCoreWebApp\ASPNETCoreWebApp.csproj", "{16AA70A7-F684-4E3E-ADC6-06E8106C8CD7}"
EndProject
Project("{9A19103F-16F7-4668-BE54-9A1E7A4F7556}") = "WindowsServiceWorker", "WindowsServiceWorker\WindowsServiceWorker.csproj", "{04098EC5-E723-41B6-BED6-0AC085F13C23}"
EndProject
Project("{54435603-DBB4-11D2-8724-00A0C9A8B90C}") = "WindowsServiceWorkerInstaller", "WindowsServiceWorkerInstaller\WindowsServiceWorkerInstaller.vdproj", "{4357005F-6B30-429B-9939-21D4AC88F142}"
EndProject
Global
	GlobalSection(SolutionConfigurationPlatforms) = preSolution
		Debug|Any CPU = Debug|Any CPU
		Release|Any CPU = Release|Any CPU
	EndGlobalSection
	GlobalSection(ProjectConfigurationPlatforms) = postSolution
		{16AA70A7-F684-4E3E-ADC6-06E8106C8CD7}.Debug|Any CPU.ActiveCfg = Debug|Any CPU
		{16AA70A7-F684-4E3E-ADC6-06E8106C8CD7}.Debug|Any CPU.Build.0 = Debug|Any CPU
		{16AA70A7-F684-4E3E-ADC6-06E8106C8CD7}.Release|Any CPU.ActiveCfg = Release|Any CPU
		{16AA70A7-F684-4E3E-ADC6-06E8106C8CD7}.Release|Any CPU.Build.0 = Release|Any CPU
		{04098EC5-E723-41B6-BED6-0AC085F13C23}.Debug|Any CPU.ActiveCfg = Debug|Any CPU
		{04098EC5-E723-41B6-BED6-0AC085F13C23}.Debug|Any CPU.Build.0 = Debug|Any CPU
		{04098EC5-E723-41B6-BED6-0AC085F13C23}.Release|Any CPU.ActiveCfg = Release|Any CPU
		{04098EC5-E723-41B6-BED6-0AC085F13C23}.Release|Any CPU.Build.0 = Release|Any CPU
		{4357005F-6B30-429B-9939-21D4AC88F142}.Debug|Any CPU.ActiveCfg = Debug|Any CPU
		{4357005F-6B30-429B-9939-21D4AC88F142}.Debug|Any CPU.Build.0 = Debug|Any CPU
		{4357005F-6B30-429B-9939-21D4AC88F142}.Release|Any CPU.ActiveCfg = Release|Any CPU
		{4357005F-6B30-429B-9939-21D4AC88F142}.Release|Any CPU.Build.0 = Release|Any CPU
	EndGlobalSection
	GlobalSection(SolutionProperties) = preSolution
		HideSolutionNode = FALSE
	EndGlobalSection
	GlobalSection(ExtensibilityGlobals) = postSolution
		SolutionGuid = {3D2033EE-7C8A-4854-9C37-8A4EDF8DEA9B}
	EndGlobalSection
EndGlobal
